
Microsoft Visual Studio Solution File, Format Version 12.00
# Visual Studio 14
VisualStudioVersion = 14.0.22609.0
MinimumVisualStudioVersion = 10.0.40219.1
Project("{FAE04EC0-301F-11D3-BF4B-00C04F79EFBC}") = "MODEXngine.Android", "MODEXngine.Android\MODEXngine.Android.csproj", "{9DFA3619-B063-41BD-90F8-33550A97FCE0}"
EndProject
Project("{FAE04EC0-301F-11D3-BF4B-00C04F79EFBC}") = "MODEXngine.PCL", "MODEXngine.PCL\MODEXngine.PCL.csproj", "{8F8721BD-A036-4BC7-9211-4D5963DCD475}"
EndProject
Project("{FAE04EC0-301F-11D3-BF4B-00C04F79EFBC}") = "MODEXngine.WebAPI", "MODEXngine.WebAPI\MODEXngine.WebAPI.csproj", "{180C38B1-8DCD-4A21-A4A2-9374ED44B522}"
EndProject
Project("{FAE04EC0-301F-11D3-BF4B-00C04F79EFBC}") = "MODEXngine.WebBusinessLayer", "MODEXngine.WebBusinessLayer\MODEXngine.WebBusinessLayer.csproj", "{ED3DA801-7439-498C-A097-57FE10F048E8}"
EndProject
Project("{FAE04EC0-301F-11D3-BF4B-00C04F79EFBC}") = "MODEXngine.DataLayer", "MODEXngine.DataLayer\MODEXngine.DataLayer.csproj", "{ABB78629-733E-4440-B9E9-4DB7112089C8}"
EndProject
Project("{FAE04EC0-301F-11D3-BF4B-00C04F79EFBC}") = "MODEXngine.Renderer.PCL", "MODEXngine.Renderer.PCL\MODEXngine.Renderer.PCL.csproj", "{844A1E20-5E81-47AD-943D-A8B3716EF293}"
EndProject
Project("{D954291E-2A0B-460D-934E-DC6B0785DB48}") = "MODEXngine.Admin.UniversalWindows.Shared", "MODEXngine.Admin.UniversalWindows\MODEXngine.Admin.UniversalWindows.Shared\MODEXngine.Admin.UniversalWindows.Shared.shproj", "{4D42FE05-9957-442B-A2F1-F08EF4C69587}"
EndProject
Project("{FAE04EC0-301F-11D3-BF4B-00C04F79EFBC}") = "MODEXngine.Admin.UniversalWindows.Windows", "MODEXngine.Admin.UniversalWindows\MODEXngine.Admin.UniversalWindows.Windows\MODEXngine.Admin.UniversalWindows.Windows.csproj", "{5F602500-15A3-4499-B9F0-8F7A96C33B3B}"
EndProject
Project("{FAE04EC0-301F-11D3-BF4B-00C04F79EFBC}") = "MODEXngine.Admin.UniversalWindows.WindowsPhone", "MODEXngine.Admin.UniversalWindows\MODEXngine.Admin.UniversalWindows.WindowsPhone\MODEXngine.Admin.UniversalWindows.WindowsPhone.csproj", "{FA97C6AD-EFF4-49AD-8545-65E7AEA2DE0B}"
EndProject
Global
	GlobalSection(SharedMSBuildProjectFiles) = preSolution
		MODEXngine.Admin.UniversalWindows\MODEXngine.Admin.UniversalWindows.Shared\MODEXngine.Admin.UniversalWindows.Shared.projitems*{5f602500-15a3-4499-b9f0-8f7a96c33b3b}*SharedItemsImports = 4
		MODEXngine.Admin.UniversalWindows\MODEXngine.Admin.UniversalWindows.Shared\MODEXngine.Admin.UniversalWindows.Shared.projitems*{4d42fe05-9957-442b-a2f1-f08ef4c69587}*SharedItemsImports = 13
		MODEXngine.Admin.UniversalWindows\MODEXngine.Admin.UniversalWindows.Shared\MODEXngine.Admin.UniversalWindows.Shared.projitems*{fa97c6ad-eff4-49ad-8545-65e7aea2de0b}*SharedItemsImports = 4
	EndGlobalSection
	GlobalSection(SolutionConfigurationPlatforms) = preSolution
		Debug|Any CPU = Debug|Any CPU
		Debug|ARM = Debug|ARM
		Debug|x64 = Debug|x64
		Debug|x86 = Debug|x86
		Release|Any CPU = Release|Any CPU
		Release|ARM = Release|ARM
		Release|x64 = Release|x64
		Release|x86 = Release|x86
	EndGlobalSection
	GlobalSection(ProjectConfigurationPlatforms) = postSolution
		{9DFA3619-B063-41BD-90F8-33550A97FCE0}.Debug|Any CPU.ActiveCfg = Debug|Any CPU
		{9DFA3619-B063-41BD-90F8-33550A97FCE0}.Debug|Any CPU.Build.0 = Debug|Any CPU
		{9DFA3619-B063-41BD-90F8-33550A97FCE0}.Debug|Any CPU.Deploy.0 = Debug|Any CPU
		{9DFA3619-B063-41BD-90F8-33550A97FCE0}.Debug|ARM.ActiveCfg = Debug|Any CPU
		{9DFA3619-B063-41BD-90F8-33550A97FCE0}.Debug|x64.ActiveCfg = Debug|Any CPU
		{9DFA3619-B063-41BD-90F8-33550A97FCE0}.Debug|x86.ActiveCfg = Debug|Any CPU
		{9DFA3619-B063-41BD-90F8-33550A97FCE0}.Release|Any CPU.ActiveCfg = Release|Any CPU
		{9DFA3619-B063-41BD-90F8-33550A97FCE0}.Release|Any CPU.Build.0 = Release|Any CPU
		{9DFA3619-B063-41BD-90F8-33550A97FCE0}.Release|Any CPU.Deploy.0 = Release|Any CPU
		{9DFA3619-B063-41BD-90F8-33550A97FCE0}.Release|ARM.ActiveCfg = Release|Any CPU
		{9DFA3619-B063-41BD-90F8-33550A97FCE0}.Release|x64.ActiveCfg = Release|Any CPU
		{9DFA3619-B063-41BD-90F8-33550A97FCE0}.Release|x86.ActiveCfg = Release|Any CPU
		{8F8721BD-A036-4BC7-9211-4D5963DCD475}.Debug|Any CPU.ActiveCfg = Debug|Any CPU
		{8F8721BD-A036-4BC7-9211-4D5963DCD475}.Debug|Any CPU.Build.0 = Debug|Any CPU
		{8F8721BD-A036-4BC7-9211-4D5963DCD475}.Debug|ARM.ActiveCfg = Debug|Any CPU
		{8F8721BD-A036-4BC7-9211-4D5963DCD475}.Debug|ARM.Build.0 = Debug|Any CPU
		{8F8721BD-A036-4BC7-9211-4D5963DCD475}.Debug|x64.ActiveCfg = Debug|Any CPU
		{8F8721BD-A036-4BC7-9211-4D5963DCD475}.Debug|x64.Build.0 = Debug|Any CPU
		{8F8721BD-A036-4BC7-9211-4D5963DCD475}.Debug|x86.ActiveCfg = Debug|Any CPU
		{8F8721BD-A036-4BC7-9211-4D5963DCD475}.Debug|x86.Build.0 = Debug|Any CPU
		{8F8721BD-A036-4BC7-9211-4D5963DCD475}.Release|Any CPU.ActiveCfg = Release|Any CPU
		{8F8721BD-A036-4BC7-9211-4D5963DCD475}.Release|Any CPU.Build.0 = Release|Any CPU
		{8F8721BD-A036-4BC7-9211-4D5963DCD475}.Release|ARM.ActiveCfg = Release|Any CPU
		{8F8721BD-A036-4BC7-9211-4D5963DCD475}.Release|ARM.Build.0 = Release|Any CPU
		{8F8721BD-A036-4BC7-9211-4D5963DCD475}.Release|x64.ActiveCfg = Release|Any CPU
		{8F8721BD-A036-4BC7-9211-4D5963DCD475}.Release|x64.Build.0 = Release|Any CPU
		{8F8721BD-A036-4BC7-9211-4D5963DCD475}.Release|x86.ActiveCfg = Release|Any CPU
		{8F8721BD-A036-4BC7-9211-4D5963DCD475}.Release|x86.Build.0 = Release|Any CPU
		{180C38B1-8DCD-4A21-A4A2-9374ED44B522}.Debug|Any CPU.ActiveCfg = Debug|Any CPU
		{180C38B1-8DCD-4A21-A4A2-9374ED44B522}.Debug|Any CPU.Build.0 = Debug|Any CPU
		{180C38B1-8DCD-4A21-A4A2-9374ED44B522}.Debug|ARM.ActiveCfg = Debug|Any CPU
		{180C38B1-8DCD-4A21-A4A2-9374ED44B522}.Debug|ARM.Build.0 = Debug|Any CPU
		{180C38B1-8DCD-4A21-A4A2-9374ED44B522}.Debug|x64.ActiveCfg = Debug|Any CPU
		{180C38B1-8DCD-4A21-A4A2-9374ED44B522}.Debug|x64.Build.0 = Debug|Any CPU
		{180C38B1-8DCD-4A21-A4A2-9374ED44B522}.Debug|x86.ActiveCfg = Debug|Any CPU
		{180C38B1-8DCD-4A21-A4A2-9374ED44B522}.Debug|x86.Build.0 = Debug|Any CPU
		{180C38B1-8DCD-4A21-A4A2-9374ED44B522}.Release|Any CPU.ActiveCfg = Release|Any CPU
		{180C38B1-8DCD-4A21-A4A2-9374ED44B522}.Release|Any CPU.Build.0 = Release|Any CPU
		{180C38B1-8DCD-4A21-A4A2-9374ED44B522}.Release|ARM.ActiveCfg = Release|Any CPU
		{180C38B1-8DCD-4A21-A4A2-9374ED44B522}.Release|ARM.Build.0 = Release|Any CPU
		{180C38B1-8DCD-4A21-A4A2-9374ED44B522}.Release|x64.ActiveCfg = Release|Any CPU
		{180C38B1-8DCD-4A21-A4A2-9374ED44B522}.Release|x64.Build.0 = Release|Any CPU
		{180C38B1-8DCD-4A21-A4A2-9374ED44B522}.Release|x86.ActiveCfg = Release|Any CPU
		{180C38B1-8DCD-4A21-A4A2-9374ED44B522}.Release|x86.Build.0 = Release|Any CPU
		{ED3DA801-7439-498C-A097-57FE10F048E8}.Debug|Any CPU.ActiveCfg = Debug|Any CPU
		{ED3DA801-7439-498C-A097-57FE10F048E8}.Debug|Any CPU.Build.0 = Debug|Any CPU
		{ED3DA801-7439-498C-A097-57FE10F048E8}.Debug|ARM.ActiveCfg = Debug|Any CPU
		{ED3DA801-7439-498C-A097-57FE10F048E8}.Debug|ARM.Build.0 = Debug|Any CPU
		{ED3DA801-7439-498C-A097-57FE10F048E8}.Debug|x64.ActiveCfg = Debug|Any CPU
		{ED3DA801-7439-498C-A097-57FE10F048E8}.Debug|x64.Build.0 = Debug|Any CPU
		{ED3DA801-7439-498C-A097-57FE10F048E8}.Debug|x86.ActiveCfg = Debug|Any CPU
		{ED3DA801-7439-498C-A097-57FE10F048E8}.Debug|x86.Build.0 = Debug|Any CPU
		{ED3DA801-7439-498C-A097-57FE10F048E8}.Release|Any CPU.ActiveCfg = Release|Any CPU
		{ED3DA801-7439-498C-A097-57FE10F048E8}.Release|Any CPU.Build.0 = Release|Any CPU
		{ED3DA801-7439-498C-A097-57FE10F048E8}.Release|ARM.ActiveCfg = Release|Any CPU
		{ED3DA801-7439-498C-A097-57FE10F048E8}.Release|ARM.Build.0 = Release|Any CPU
		{ED3DA801-7439-498C-A097-57FE10F048E8}.Release|x64.ActiveCfg = Release|Any CPU
		{ED3DA801-7439-498C-A097-57FE10F048E8}.Release|x64.Build.0 = Release|Any CPU
		{ED3DA801-7439-498C-A097-57FE10F048E8}.Release|x86.ActiveCfg = Release|Any CPU
		{ED3DA801-7439-498C-A097-57FE10F048E8}.Release|x86.Build.0 = Release|Any CPU
		{ABB78629-733E-4440-B9E9-4DB7112089C8}.Debug|Any CPU.ActiveCfg = Debug|Any CPU
		{ABB78629-733E-4440-B9E9-4DB7112089C8}.Debug|Any CPU.Build.0 = Debug|Any CPU
		{ABB78629-733E-4440-B9E9-4DB7112089C8}.Debug|ARM.ActiveCfg = Debug|Any CPU
		{ABB78629-733E-4440-B9E9-4DB7112089C8}.Debug|ARM.Build.0 = Debug|Any CPU
		{ABB78629-733E-4440-B9E9-4DB7112089C8}.Debug|x64.ActiveCfg = Debug|Any CPU
		{ABB78629-733E-4440-B9E9-4DB7112089C8}.Debug|x64.Build.0 = Debug|Any CPU
		{ABB78629-733E-4440-B9E9-4DB7112089C8}.Debug|x86.ActiveCfg = Debug|Any CPU
		{ABB78629-733E-4440-B9E9-4DB7112089C8}.Debug|x86.Build.0 = Debug|Any CPU
		{ABB78629-733E-4440-B9E9-4DB7112089C8}.Release|Any CPU.ActiveCfg = Release|Any CPU
		{ABB78629-733E-4440-B9E9-4DB7112089C8}.Release|Any CPU.Build.0 = Release|Any CPU
		{ABB78629-733E-4440-B9E9-4DB7112089C8}.Release|ARM.ActiveCfg = Release|Any CPU
		{ABB78629-733E-4440-B9E9-4DB7112089C8}.Release|ARM.Build.0 = Release|Any CPU
		{ABB78629-733E-4440-B9E9-4DB7112089C8}.Release|x64.ActiveCfg = Release|Any CPU
		{ABB78629-733E-4440-B9E9-4DB7112089C8}.Release|x64.Build.0 = Release|Any CPU
		{ABB78629-733E-4440-B9E9-4DB7112089C8}.Release|x86.ActiveCfg = Release|Any CPU
		{ABB78629-733E-4440-B9E9-4DB7112089C8}.Release|x86.Build.0 = Release|Any CPU
		{844A1E20-5E81-47AD-943D-A8B3716EF293}.Debug|Any CPU.ActiveCfg = Debug|Any CPU
		{844A1E20-5E81-47AD-943D-A8B3716EF293}.Debug|Any CPU.Build.0 = Debug|Any CPU
		{844A1E20-5E81-47AD-943D-A8B3716EF293}.Debug|ARM.ActiveCfg = Debug|Any CPU
		{844A1E20-5E81-47AD-943D-A8B3716EF293}.Debug|ARM.Build.0 = Debug|Any CPU
		{844A1E20-5E81-47AD-943D-A8B3716EF293}.Debug|x64.ActiveCfg = Debug|Any CPU
		{844A1E20-5E81-47AD-943D-A8B3716EF293}.Debug|x64.Build.0 = Debug|Any CPU
		{844A1E20-5E81-47AD-943D-A8B3716EF293}.Debug|x86.ActiveCfg = Debug|Any CPU
		{844A1E20-5E81-47AD-943D-A8B3716EF293}.Debug|x86.Build.0 = Debug|Any CPU
		{844A1E20-5E81-47AD-943D-A8B3716EF293}.Release|Any CPU.ActiveCfg = Release|Any CPU
		{844A1E20-5E81-47AD-943D-A8B3716EF293}.Release|Any CPU.Build.0 = Release|Any CPU
		{844A1E20-5E81-47AD-943D-A8B3716EF293}.Release|ARM.ActiveCfg = Release|Any CPU
		{844A1E20-5E81-47AD-943D-A8B3716EF293}.Release|ARM.Build.0 = Release|Any CPU
		{844A1E20-5E81-47AD-943D-A8B3716EF293}.Release|x64.ActiveCfg = Release|Any CPU
		{844A1E20-5E81-47AD-943D-A8B3716EF293}.Release|x64.Build.0 = Release|Any CPU
		{844A1E20-5E81-47AD-943D-A8B3716EF293}.Release|x86.ActiveCfg = Release|Any CPU
		{844A1E20-5E81-47AD-943D-A8B3716EF293}.Release|x86.Build.0 = Release|Any CPU
		{5F602500-15A3-4499-B9F0-8F7A96C33B3B}.Debug|Any CPU.ActiveCfg = Debug|Any CPU
		{5F602500-15A3-4499-B9F0-8F7A96C33B3B}.Debug|Any CPU.Build.0 = Debug|Any CPU
		{5F602500-15A3-4499-B9F0-8F7A96C33B3B}.Debug|Any CPU.Deploy.0 = Debug|Any CPU
		{5F602500-15A3-4499-B9F0-8F7A96C33B3B}.Debug|ARM.ActiveCfg = Debug|ARM
		{5F602500-15A3-4499-B9F0-8F7A96C33B3B}.Debug|ARM.Build.0 = Debug|ARM
		{5F602500-15A3-4499-B9F0-8F7A96C33B3B}.Debug|ARM.Deploy.0 = Debug|ARM
		{5F602500-15A3-4499-B9F0-8F7A96C33B3B}.Debug|x64.ActiveCfg = Debug|x64
		{5F602500-15A3-4499-B9F0-8F7A96C33B3B}.Debug|x64.Build.0 = Debug|x64
		{5F602500-15A3-4499-B9F0-8F7A96C33B3B}.Debug|x64.Deploy.0 = Debug|x64
		{5F602500-15A3-4499-B9F0-8F7A96C33B3B}.Debug|x86.ActiveCfg = Debug|x86
		{5F602500-15A3-4499-B9F0-8F7A96C33B3B}.Debug|x86.Build.0 = Debug|x86
		{5F602500-15A3-4499-B9F0-8F7A96C33B3B}.Debug|x86.Deploy.0 = Debug|x86
		{5F602500-15A3-4499-B9F0-8F7A96C33B3B}.Release|Any CPU.ActiveCfg = Release|Any CPU
		{5F602500-15A3-4499-B9F0-8F7A96C33B3B}.Release|Any CPU.Build.0 = Release|Any CPU
		{5F602500-15A3-4499-B9F0-8F7A96C33B3B}.Release|Any CPU.Deploy.0 = Release|Any CPU
		{5F602500-15A3-4499-B9F0-8F7A96C33B3B}.Release|ARM.ActiveCfg = Release|ARM
		{5F602500-15A3-4499-B9F0-8F7A96C33B3B}.Release|ARM.Build.0 = Release|ARM
		{5F602500-15A3-4499-B9F0-8F7A96C33B3B}.Release|ARM.Deploy.0 = Release|ARM
		{5F602500-15A3-4499-B9F0-8F7A96C33B3B}.Release|x64.ActiveCfg = Release|x64
		{5F602500-15A3-4499-B9F0-8F7A96C33B3B}.Release|x64.Build.0 = Release|x64
		{5F602500-15A3-4499-B9F0-8F7A96C33B3B}.Release|x64.Deploy.0 = Release|x64
		{5F602500-15A3-4499-B9F0-8F7A96C33B3B}.Release|x86.ActiveCfg = Release|x86
		{5F602500-15A3-4499-B9F0-8F7A96C33B3B}.Release|x86.Build.0 = Release|x86
		{5F602500-15A3-4499-B9F0-8F7A96C33B3B}.Release|x86.Deploy.0 = Release|x86
		{FA97C6AD-EFF4-49AD-8545-65E7AEA2DE0B}.Debug|Any CPU.ActiveCfg = Debug|Any CPU
		{FA97C6AD-EFF4-49AD-8545-65E7AEA2DE0B}.Debug|Any CPU.Build.0 = Debug|Any CPU
		{FA97C6AD-EFF4-49AD-8545-65E7AEA2DE0B}.Debug|Any CPU.Deploy.0 = Debug|Any CPU
		{FA97C6AD-EFF4-49AD-8545-65E7AEA2DE0B}.Debug|ARM.ActiveCfg = Debug|ARM
		{FA97C6AD-EFF4-49AD-8545-65E7AEA2DE0B}.Debug|ARM.Build.0 = Debug|ARM
		{FA97C6AD-EFF4-49AD-8545-65E7AEA2DE0B}.Debug|ARM.Deploy.0 = Debug|ARM
		{FA97C6AD-EFF4-49AD-8545-65E7AEA2DE0B}.Debug|x64.ActiveCfg = Debug|Any CPU
		{FA97C6AD-EFF4-49AD-8545-65E7AEA2DE0B}.Debug|x64.Build.0 = Debug|Any CPU
		{FA97C6AD-EFF4-49AD-8545-65E7AEA2DE0B}.Debug|x64.Deploy.0 = Debug|Any CPU
		{FA97C6AD-EFF4-49AD-8545-65E7AEA2DE0B}.Debug|x86.ActiveCfg = Debug|x86
		{FA97C6AD-EFF4-49AD-8545-65E7AEA2DE0B}.Debug|x86.Build.0 = Debug|x86
		{FA97C6AD-EFF4-49AD-8545-65E7AEA2DE0B}.Debug|x86.Deploy.0 = Debug|x86
		{FA97C6AD-EFF4-49AD-8545-65E7AEA2DE0B}.Release|Any CPU.ActiveCfg = Release|Any CPU
		{FA97C6AD-EFF4-49AD-8545-65E7AEA2DE0B}.Release|Any CPU.Build.0 = Release|Any CPU
		{FA97C6AD-EFF4-49AD-8545-65E7AEA2DE0B}.Release|Any CPU.Deploy.0 = Release|Any CPU
		{FA97C6AD-EFF4-49AD-8545-65E7AEA2DE0B}.Release|ARM.ActiveCfg = Release|ARM
		{FA97C6AD-EFF4-49AD-8545-65E7AEA2DE0B}.Release|ARM.Build.0 = Release|ARM
		{FA97C6AD-EFF4-49AD-8545-65E7AEA2DE0B}.Release|ARM.Deploy.0 = Release|ARM
		{FA97C6AD-EFF4-49AD-8545-65E7AEA2DE0B}.Release|x64.ActiveCfg = Release|Any CPU
		{FA97C6AD-EFF4-49AD-8545-65E7AEA2DE0B}.Release|x64.Build.0 = Release|Any CPU
		{FA97C6AD-EFF4-49AD-8545-65E7AEA2DE0B}.Release|x64.Deploy.0 = Release|Any CPU
		{FA97C6AD-EFF4-49AD-8545-65E7AEA2DE0B}.Release|x86.ActiveCfg = Release|x86
		{FA97C6AD-EFF4-49AD-8545-65E7AEA2DE0B}.Release|x86.Build.0 = Release|x86
		{FA97C6AD-EFF4-49AD-8545-65E7AEA2DE0B}.Release|x86.Deploy.0 = Release|x86
	EndGlobalSection
	GlobalSection(SolutionProperties) = preSolution
		HideSolutionNode = FALSE
	EndGlobalSection
EndGlobal
