
Microsoft Visual Studio Solution File, Format Version 12.00
# Visual Studio 15
VisualStudioVersion = 15.0.26730.0
MinimumVisualStudioVersion = 10.0.40219.1
Project("{9A19103F-16F7-4668-BE54-9A1E7A4F7556}") = "MODEXngine.lib", "MODEXngine.lib\MODEXngine.lib.csproj", "{BAD71555-DC5E-47E3-B9B3-50009D0ECD11}"
EndProject
Project("{9A19103F-16F7-4668-BE54-9A1E7A4F7556}") = "MODEXngine.lib.darkforces", "MODEXngine.lib.darkforces\MODEXngine.lib.darkforces.csproj", "{A7B6C603-BB40-430B-A50C-554A6FDC5A65}"
EndProject
Project("{9A19103F-16F7-4668-BE54-9A1E7A4F7556}") = "MODEXngine.renderlib.opengl", "MODEXngine.renderlib.opengl\MODEXngine.renderlib.opengl.csproj", "{14511D4B-1E81-480E-B600-D3E3468386FF}"
EndProject
Project("{9A19103F-16F7-4668-BE54-9A1E7A4F7556}") = "MODEXngine", "MODEXngine\MODEXngine.csproj", "{5401D001-455C-4C79-859D-69BCF7D73BBB}"
EndProject
Project("{FAE04EC0-301F-11D3-BF4B-00C04F79EFBC}") = "MODEXngine.WPF", "MODEXngine.WPF\MODEXngine.WPF.csproj", "{3E74EA60-FE60-4EBF-88FE-D92CE50FAFF4}"
EndProject
Project("{FAE04EC0-301F-11D3-BF4B-00C04F79EFBC}") = "MODEXngine.UnitTests", "MODEXngine.UnitTests\MODEXngine.UnitTests.csproj", "{41E15557-5588-430B-BFDB-5E8348097A19}"
EndProject
Global
	GlobalSection(SolutionConfigurationPlatforms) = preSolution
		Debug|Any CPU = Debug|Any CPU
		Debug|ARM = Debug|ARM
		Debug|x64 = Debug|x64
		Debug|x86 = Debug|x86
		Release|Any CPU = Release|Any CPU
		Release|ARM = Release|ARM
		Release|x64 = Release|x64
		Release|x86 = Release|x86
	EndGlobalSection
	GlobalSection(ProjectConfigurationPlatforms) = postSolution
		{BAD71555-DC5E-47E3-B9B3-50009D0ECD11}.Debug|Any CPU.ActiveCfg = Debug|Any CPU
		{BAD71555-DC5E-47E3-B9B3-50009D0ECD11}.Debug|Any CPU.Build.0 = Debug|Any CPU
		{BAD71555-DC5E-47E3-B9B3-50009D0ECD11}.Debug|ARM.ActiveCfg = Debug|Any CPU
		{BAD71555-DC5E-47E3-B9B3-50009D0ECD11}.Debug|ARM.Build.0 = Debug|Any CPU
		{BAD71555-DC5E-47E3-B9B3-50009D0ECD11}.Debug|x64.ActiveCfg = Debug|Any CPU
		{BAD71555-DC5E-47E3-B9B3-50009D0ECD11}.Debug|x64.Build.0 = Debug|Any CPU
		{BAD71555-DC5E-47E3-B9B3-50009D0ECD11}.Debug|x86.ActiveCfg = Debug|Any CPU
		{BAD71555-DC5E-47E3-B9B3-50009D0ECD11}.Debug|x86.Build.0 = Debug|Any CPU
		{BAD71555-DC5E-47E3-B9B3-50009D0ECD11}.Release|Any CPU.ActiveCfg = Release|Any CPU
		{BAD71555-DC5E-47E3-B9B3-50009D0ECD11}.Release|Any CPU.Build.0 = Release|Any CPU
		{BAD71555-DC5E-47E3-B9B3-50009D0ECD11}.Release|ARM.ActiveCfg = Release|Any CPU
		{BAD71555-DC5E-47E3-B9B3-50009D0ECD11}.Release|ARM.Build.0 = Release|Any CPU
		{BAD71555-DC5E-47E3-B9B3-50009D0ECD11}.Release|x64.ActiveCfg = Release|Any CPU
		{BAD71555-DC5E-47E3-B9B3-50009D0ECD11}.Release|x64.Build.0 = Release|Any CPU
		{BAD71555-DC5E-47E3-B9B3-50009D0ECD11}.Release|x86.ActiveCfg = Release|Any CPU
		{BAD71555-DC5E-47E3-B9B3-50009D0ECD11}.Release|x86.Build.0 = Release|Any CPU
		{A7B6C603-BB40-430B-A50C-554A6FDC5A65}.Debug|Any CPU.ActiveCfg = Debug|Any CPU
		{A7B6C603-BB40-430B-A50C-554A6FDC5A65}.Debug|Any CPU.Build.0 = Debug|Any CPU
		{A7B6C603-BB40-430B-A50C-554A6FDC5A65}.Debug|ARM.ActiveCfg = Debug|Any CPU
		{A7B6C603-BB40-430B-A50C-554A6FDC5A65}.Debug|ARM.Build.0 = Debug|Any CPU
		{A7B6C603-BB40-430B-A50C-554A6FDC5A65}.Debug|x64.ActiveCfg = Debug|Any CPU
		{A7B6C603-BB40-430B-A50C-554A6FDC5A65}.Debug|x64.Build.0 = Debug|Any CPU
		{A7B6C603-BB40-430B-A50C-554A6FDC5A65}.Debug|x86.ActiveCfg = Debug|Any CPU
		{A7B6C603-BB40-430B-A50C-554A6FDC5A65}.Debug|x86.Build.0 = Debug|Any CPU
		{A7B6C603-BB40-430B-A50C-554A6FDC5A65}.Release|Any CPU.ActiveCfg = Release|Any CPU
		{A7B6C603-BB40-430B-A50C-554A6FDC5A65}.Release|Any CPU.Build.0 = Release|Any CPU
		{A7B6C603-BB40-430B-A50C-554A6FDC5A65}.Release|ARM.ActiveCfg = Release|Any CPU
		{A7B6C603-BB40-430B-A50C-554A6FDC5A65}.Release|ARM.Build.0 = Release|Any CPU
		{A7B6C603-BB40-430B-A50C-554A6FDC5A65}.Release|x64.ActiveCfg = Release|Any CPU
		{A7B6C603-BB40-430B-A50C-554A6FDC5A65}.Release|x64.Build.0 = Release|Any CPU
		{A7B6C603-BB40-430B-A50C-554A6FDC5A65}.Release|x86.ActiveCfg = Release|Any CPU
		{A7B6C603-BB40-430B-A50C-554A6FDC5A65}.Release|x86.Build.0 = Release|Any CPU
		{14511D4B-1E81-480E-B600-D3E3468386FF}.Debug|Any CPU.ActiveCfg = Debug|Any CPU
		{14511D4B-1E81-480E-B600-D3E3468386FF}.Debug|Any CPU.Build.0 = Debug|Any CPU
		{14511D4B-1E81-480E-B600-D3E3468386FF}.Debug|ARM.ActiveCfg = Debug|Any CPU
		{14511D4B-1E81-480E-B600-D3E3468386FF}.Debug|ARM.Build.0 = Debug|Any CPU
		{14511D4B-1E81-480E-B600-D3E3468386FF}.Debug|x64.ActiveCfg = Debug|Any CPU
		{14511D4B-1E81-480E-B600-D3E3468386FF}.Debug|x64.Build.0 = Debug|Any CPU
		{14511D4B-1E81-480E-B600-D3E3468386FF}.Debug|x86.ActiveCfg = Debug|Any CPU
		{14511D4B-1E81-480E-B600-D3E3468386FF}.Debug|x86.Build.0 = Debug|Any CPU
		{14511D4B-1E81-480E-B600-D3E3468386FF}.Release|Any CPU.ActiveCfg = Release|Any CPU
		{14511D4B-1E81-480E-B600-D3E3468386FF}.Release|Any CPU.Build.0 = Release|Any CPU
		{14511D4B-1E81-480E-B600-D3E3468386FF}.Release|ARM.ActiveCfg = Release|Any CPU
		{14511D4B-1E81-480E-B600-D3E3468386FF}.Release|ARM.Build.0 = Release|Any CPU
		{14511D4B-1E81-480E-B600-D3E3468386FF}.Release|x64.ActiveCfg = Release|Any CPU
		{14511D4B-1E81-480E-B600-D3E3468386FF}.Release|x64.Build.0 = Release|Any CPU
		{14511D4B-1E81-480E-B600-D3E3468386FF}.Release|x86.ActiveCfg = Release|Any CPU
		{14511D4B-1E81-480E-B600-D3E3468386FF}.Release|x86.Build.0 = Release|Any CPU
		{5401D001-455C-4C79-859D-69BCF7D73BBB}.Debug|Any CPU.ActiveCfg = Debug|Any CPU
		{5401D001-455C-4C79-859D-69BCF7D73BBB}.Debug|Any CPU.Build.0 = Debug|Any CPU
		{5401D001-455C-4C79-859D-69BCF7D73BBB}.Debug|ARM.ActiveCfg = Debug|Any CPU
		{5401D001-455C-4C79-859D-69BCF7D73BBB}.Debug|ARM.Build.0 = Debug|Any CPU
		{5401D001-455C-4C79-859D-69BCF7D73BBB}.Debug|x64.ActiveCfg = Debug|Any CPU
		{5401D001-455C-4C79-859D-69BCF7D73BBB}.Debug|x64.Build.0 = Debug|Any CPU
		{5401D001-455C-4C79-859D-69BCF7D73BBB}.Debug|x86.ActiveCfg = Debug|Any CPU
		{5401D001-455C-4C79-859D-69BCF7D73BBB}.Debug|x86.Build.0 = Debug|Any CPU
		{5401D001-455C-4C79-859D-69BCF7D73BBB}.Release|Any CPU.ActiveCfg = Release|Any CPU
		{5401D001-455C-4C79-859D-69BCF7D73BBB}.Release|Any CPU.Build.0 = Release|Any CPU
		{5401D001-455C-4C79-859D-69BCF7D73BBB}.Release|ARM.ActiveCfg = Release|Any CPU
		{5401D001-455C-4C79-859D-69BCF7D73BBB}.Release|ARM.Build.0 = Release|Any CPU
		{5401D001-455C-4C79-859D-69BCF7D73BBB}.Release|x64.ActiveCfg = Release|Any CPU
		{5401D001-455C-4C79-859D-69BCF7D73BBB}.Release|x64.Build.0 = Release|Any CPU
		{5401D001-455C-4C79-859D-69BCF7D73BBB}.Release|x86.ActiveCfg = Release|Any CPU
		{5401D001-455C-4C79-859D-69BCF7D73BBB}.Release|x86.Build.0 = Release|Any CPU
		{3E74EA60-FE60-4EBF-88FE-D92CE50FAFF4}.Debug|Any CPU.ActiveCfg = Debug|Any CPU
		{3E74EA60-FE60-4EBF-88FE-D92CE50FAFF4}.Debug|Any CPU.Build.0 = Debug|Any CPU
		{3E74EA60-FE60-4EBF-88FE-D92CE50FAFF4}.Debug|ARM.ActiveCfg = Debug|Any CPU
		{3E74EA60-FE60-4EBF-88FE-D92CE50FAFF4}.Debug|ARM.Build.0 = Debug|Any CPU
		{3E74EA60-FE60-4EBF-88FE-D92CE50FAFF4}.Debug|x64.ActiveCfg = Debug|Any CPU
		{3E74EA60-FE60-4EBF-88FE-D92CE50FAFF4}.Debug|x64.Build.0 = Debug|Any CPU
		{3E74EA60-FE60-4EBF-88FE-D92CE50FAFF4}.Debug|x86.ActiveCfg = Debug|Any CPU
		{3E74EA60-FE60-4EBF-88FE-D92CE50FAFF4}.Debug|x86.Build.0 = Debug|Any CPU
		{3E74EA60-FE60-4EBF-88FE-D92CE50FAFF4}.Release|Any CPU.ActiveCfg = Release|Any CPU
		{3E74EA60-FE60-4EBF-88FE-D92CE50FAFF4}.Release|Any CPU.Build.0 = Release|Any CPU
		{3E74EA60-FE60-4EBF-88FE-D92CE50FAFF4}.Release|ARM.ActiveCfg = Release|Any CPU
		{3E74EA60-FE60-4EBF-88FE-D92CE50FAFF4}.Release|ARM.Build.0 = Release|Any CPU
		{3E74EA60-FE60-4EBF-88FE-D92CE50FAFF4}.Release|x64.ActiveCfg = Release|Any CPU
		{3E74EA60-FE60-4EBF-88FE-D92CE50FAFF4}.Release|x64.Build.0 = Release|Any CPU
		{3E74EA60-FE60-4EBF-88FE-D92CE50FAFF4}.Release|x86.ActiveCfg = Release|Any CPU
		{3E74EA60-FE60-4EBF-88FE-D92CE50FAFF4}.Release|x86.Build.0 = Release|Any CPU
		{41E15557-5588-430B-BFDB-5E8348097A19}.Debug|Any CPU.ActiveCfg = Debug|Any CPU
		{41E15557-5588-430B-BFDB-5E8348097A19}.Debug|Any CPU.Build.0 = Debug|Any CPU
		{41E15557-5588-430B-BFDB-5E8348097A19}.Debug|ARM.ActiveCfg = Debug|Any CPU
		{41E15557-5588-430B-BFDB-5E8348097A19}.Debug|ARM.Build.0 = Debug|Any CPU
		{41E15557-5588-430B-BFDB-5E8348097A19}.Debug|x64.ActiveCfg = Debug|Any CPU
		{41E15557-5588-430B-BFDB-5E8348097A19}.Debug|x64.Build.0 = Debug|Any CPU
		{41E15557-5588-430B-BFDB-5E8348097A19}.Debug|x86.ActiveCfg = Debug|Any CPU
		{41E15557-5588-430B-BFDB-5E8348097A19}.Debug|x86.Build.0 = Debug|Any CPU
		{41E15557-5588-430B-BFDB-5E8348097A19}.Release|Any CPU.ActiveCfg = Release|Any CPU
		{41E15557-5588-430B-BFDB-5E8348097A19}.Release|Any CPU.Build.0 = Release|Any CPU
		{41E15557-5588-430B-BFDB-5E8348097A19}.Release|ARM.ActiveCfg = Release|Any CPU
		{41E15557-5588-430B-BFDB-5E8348097A19}.Release|ARM.Build.0 = Release|Any CPU
		{41E15557-5588-430B-BFDB-5E8348097A19}.Release|x64.ActiveCfg = Release|Any CPU
		{41E15557-5588-430B-BFDB-5E8348097A19}.Release|x64.Build.0 = Release|Any CPU
		{41E15557-5588-430B-BFDB-5E8348097A19}.Release|x86.ActiveCfg = Release|Any CPU
		{41E15557-5588-430B-BFDB-5E8348097A19}.Release|x86.Build.0 = Release|Any CPU
	EndGlobalSection
	GlobalSection(SolutionProperties) = preSolution
		HideSolutionNode = FALSE
	EndGlobalSection
	GlobalSection(ExtensibilityGlobals) = postSolution
		SolutionGuid = {DACA2D5F-D6DE-4F5E-A0CE-A095D6B5FD39}
	EndGlobalSection
EndGlobal
